
Microsoft Visual Studio Solution File, Format Version 12.00
# Visual Studio 15
VisualStudioVersion = 15.0.28307.168
MinimumVisualStudioVersion = 10.0.40219.1
Project("{FAE04EC0-301F-11D3-BF4B-00C04F79EFBC}") = "101TestApp", "101TestApp\101TestApp.csproj", "{78AE8C3F-3899-481B-8B9B-14425CF2E8E7}"
EndProject
Global
	GlobalSection(SolutionConfigurationPlatforms) = preSolution
		Debug|Any CPU = Debug|Any CPU
		Release|Any CPU = Release|Any CPU
	EndGlobalSection
	GlobalSection(ProjectConfigurationPlatforms) = postSolution
		{78AE8C3F-3899-481B-8B9B-14425CF2E8E7}.Debug|Any CPU.ActiveCfg = Debug|Any CPU
		{78AE8C3F-3899-481B-8B9B-14425CF2E8E7}.Debug|Any CPU.Build.0 = Debug|Any CPU
		{78AE8C3F-3899-481B-8B9B-14425CF2E8E7}.Release|Any CPU.ActiveCfg = Release|Any CPU
		{78AE8C3F-3899-481B-8B9B-14425CF2E8E7}.Release|Any CPU.Build.0 = Release|Any CPU
	EndGlobalSection
	GlobalSection(SolutionProperties) = preSolution
		HideSolutionNode = FALSE
	EndGlobalSection
	GlobalSection(ExtensibilityGlobals) = postSolution
		SolutionGuid = {E0E5EEC0-DACB-405B-8148-BD34B790C59B}
	EndGlobalSection
EndGlobal
